
Microsoft Visual Studio Solution File, Format Version 12.00
# Visual Studio 15
VisualStudioVersion = 15.0.28307.572
MinimumVisualStudioVersion = 10.0.40219.1
Project("{888888A0-9F3D-457C-B088-3A5042F75D52}") = "gaussian", "gaussian\gaussian.pyproj", "{C420D8C7-7299-446A-842C-EBA73F4B9067}"
EndProject
Global
	GlobalSection(SolutionConfigurationPlatforms) = preSolution
		Debug|Any CPU = Debug|Any CPU
		Release|Any CPU = Release|Any CPU
	EndGlobalSection
	GlobalSection(ProjectConfigurationPlatforms) = postSolution
		{C420D8C7-7299-446A-842C-EBA73F4B9067}.Debug|Any CPU.ActiveCfg = Debug|Any CPU
		{C420D8C7-7299-446A-842C-EBA73F4B9067}.Release|Any CPU.ActiveCfg = Release|Any CPU
	EndGlobalSection
	GlobalSection(SolutionProperties) = preSolution
		HideSolutionNode = FALSE
	EndGlobalSection
	GlobalSection(ExtensibilityGlobals) = postSolution
		SolutionGuid = {CBC8FCBF-8389-4FD7-AA51-5DCF7262060C}
	EndGlobalSection
EndGlobal
